# THIS IS AN AUTOGENERATED FILE. DO NOT EDIT THIS FILE DIRECTLY.
# yarn lockfile v1


react-native-blockstack@^0.3.1:
  version "0.3.1"
  resolved "https://registry.yarnpkg.com/react-native-blockstack/-/react-native-blockstack-0.3.1.tgz#16159a9f1cefd0caf0c82d137c665beede4a121c"
  integrity sha512-YZqVWLMaLHjqa3+s6bJmBkdYX6VzyebMUxRFXPq0ViL0OyT6WY3HD2FJFR6903ZPkJd/0dj3fsy36o3bDewvUg==
